// !$*UTF8*$!
{
	archiveVersion = 1;
	classes = {
	};
	objectVersion = 46;
	objects = {

/* Begin PBXBuildFile section */
		030B01071E87A6CC00A027C3 /* Podfile in Resources */ = {isa = PBXBuildFile; fileRef = 030B01061E87A6CC00A027C3 /* Podfile */; };
		032A0DDE1E8B70330002C5C4 /* Main.storyboard in Resources */ = {isa = PBXBuildFile; fileRef = 037D3B141E3D29C500ED8DDA /* Main.storyboard */; };
		032A0DE01E8B732B0002C5C4 /* Alegreya-Regular.ttf in Resources */ = {isa = PBXBuildFile; fileRef = 032A0DDF1E8B732B0002C5C4 /* Alegreya-Regular.ttf */; };
		0331EA8E1E8B351C00E58AF9 /* ArticleCell.swift in Sources */ = {isa = PBXBuildFile; fileRef = 0331EA8D1E8B351C00E58AF9 /* ArticleCell.swift */; };
		0331EA901E8B3C0800E58AF9 /* DefCell.swift in Sources */ = {isa = PBXBuildFile; fileRef = 0331EA8F1E8B3C0800E58AF9 /* DefCell.swift */; };
		0331EA921E8B657D00E58AF9 /* ArticleVC.swift in Sources */ = {isa = PBXBuildFile; fileRef = 0331EA911E8B657D00E58AF9 /* ArticleVC.swift */; };
		037D3B111E3D29C500ED8DDA /* AppDelegate.swift in Sources */ = {isa = PBXBuildFile; fileRef = 037D3B101E3D29C500ED8DDA /* AppDelegate.swift */; };
		037D3B131E3D29C500ED8DDA /* FrontVC.swift in Sources */ = {isa = PBXBuildFile; fileRef = 037D3B121E3D29C500ED8DDA /* FrontVC.swift */; };
		037D3B181E3D29C500ED8DDA /* Assets.xcassets in Resources */ = {isa = PBXBuildFile; fileRef = 037D3B171E3D29C500ED8DDA /* Assets.xcassets */; };
		037D3B1B1E3D29C500ED8DDA /* LaunchScreen.storyboard in Resources */ = {isa = PBXBuildFile; fileRef = 037D3B191E3D29C500ED8DDA /* LaunchScreen.storyboard */; };
		037D3B261E3D29C500ED8DDA /* TruthoutTests.swift in Sources */ = {isa = PBXBuildFile; fileRef = 037D3B251E3D29C500ED8DDA /* TruthoutTests.swift */; };
		037D3B311E3D29C500ED8DDA /* TruthoutUITests.swift in Sources */ = {isa = PBXBuildFile; fileRef = 037D3B301E3D29C500ED8DDA /* TruthoutUITests.swift */; };
		037D3B3F1E3D2DFD00ED8DDA /* gradientImage.swift in Sources */ = {isa = PBXBuildFile; fileRef = 037D3B3E1E3D2DFD00ED8DDA /* gradientImage.swift */; };
		038A08CF1E8EE97500F157D2 /* Merriweather-Black.ttf in Resources */ = {isa = PBXBuildFile; fileRef = 038A08C71E8EE97500F157D2 /* Merriweather-Black.ttf */; };
		038A08D01E8EE97500F157D2 /* Merriweather-Bold.ttf in Resources */ = {isa = PBXBuildFile; fileRef = 038A08C81E8EE97500F157D2 /* Merriweather-Bold.ttf */; };
		038A08D11E8EE97500F157D2 /* Merriweather-BoldItalic.ttf in Resources */ = {isa = PBXBuildFile; fileRef = 038A08C91E8EE97500F157D2 /* Merriweather-BoldItalic.ttf */; };
		038A08D21E8EE97500F157D2 /* Merriweather-HeavyItalic.ttf in Resources */ = {isa = PBXBuildFile; fileRef = 038A08CA1E8EE97500F157D2 /* Merriweather-HeavyItalic.ttf */; };
		038A08D31E8EE97500F157D2 /* Merriweather-Italic.ttf in Resources */ = {isa = PBXBuildFile; fileRef = 038A08CB1E8EE97500F157D2 /* Merriweather-Italic.ttf */; };
		038A08D41E8EE97500F157D2 /* Merriweather-Light.ttf in Resources */ = {isa = PBXBuildFile; fileRef = 038A08CC1E8EE97500F157D2 /* Merriweather-Light.ttf */; };
		038A08D51E8EE97500F157D2 /* Merriweather-LightItalic.ttf in Resources */ = {isa = PBXBuildFile; fileRef = 038A08CD1E8EE97500F157D2 /* Merriweather-LightItalic.ttf */; };
		038A08D61E8EE97500F157D2 /* Merriweather-Regular.ttf in Resources */ = {isa = PBXBuildFile; fileRef = 038A08CE1E8EE97500F157D2 /* Merriweather-Regular.ttf */; };
		038A08DC1E8EF7E400F157D2 /* Montserrat-Black.ttf in Resources */ = {isa = PBXBuildFile; fileRef = 038A08D71E8EF7E400F157D2 /* Montserrat-Black.ttf */; };
		038A08DD1E8EF7E400F157D2 /* Montserrat-Bold.ttf in Resources */ = {isa = PBXBuildFile; fileRef = 038A08D81E8EF7E400F157D2 /* Montserrat-Bold.ttf */; };
		038A08DE1E8EF7E400F157D2 /* Montserrat-Light.ttf in Resources */ = {isa = PBXBuildFile; fileRef = 038A08D91E8EF7E400F157D2 /* Montserrat-Light.ttf */; };
		038A08DF1E8EF7E400F157D2 /* Montserrat-Regular.ttf in Resources */ = {isa = PBXBuildFile; fileRef = 038A08DA1E8EF7E400F157D2 /* Montserrat-Regular.ttf */; };
		038A08E01E8EF7E400F157D2 /* Montserrat-Thin.ttf in Resources */ = {isa = PBXBuildFile; fileRef = 038A08DB1E8EF7E400F157D2 /* Montserrat-Thin.ttf */; };
		03E0319A1E8AF82600439A19 /* README.md in Sources */ = {isa = PBXBuildFile; fileRef = 03E031991E8AF82600439A19 /* README.md */; };
		03E0319E1E8AF88F00439A19 /* Extensions.swift in Sources */ = {isa = PBXBuildFile; fileRef = 03E0319D1E8AF88F00439A19 /* Extensions.swift */; };
		03E031A01E8AFB2F00439A19 /* FeedController.swift in Sources */ = {isa = PBXBuildFile; fileRef = 03E0319F1E8AFB2F00439A19 /* FeedController.swift */; };
		03E031A61E8B0C6D00439A19 /* ListVC.swift in Sources */ = {isa = PBXBuildFile; fileRef = 03E031A51E8B0C6D00439A19 /* ListVC.swift */; };
		03EB76B51E8A45C300ADC041 /* Article.swift in Sources */ = {isa = PBXBuildFile; fileRef = 03EB76B41E8A45C300ADC041 /* Article.swift */; };
		460EFE55230A7C6015EB20B2 /* Pods_Truthout.framework in Frameworks */ = {isa = PBXBuildFile; fileRef = 475166890CFBC90EA171B5FB /* Pods_Truthout.framework */; };
/* End PBXBuildFile section */

/* Begin PBXContainerItemProxy section */
		037D3B221E3D29C500ED8DDA /* PBXContainerItemProxy */ = {
			isa = PBXContainerItemProxy;
			containerPortal = 037D3B051E3D29C500ED8DDA /* Project object */;
			proxyType = 1;
			remoteGlobalIDString = 037D3B0C1E3D29C500ED8DDA;
			remoteInfo = Truthout;
		};
		037D3B2D1E3D29C500ED8DDA /* PBXContainerItemProxy */ = {
			isa = PBXContainerItemProxy;
			containerPortal = 037D3B051E3D29C500ED8DDA /* Project object */;
			proxyType = 1;
			remoteGlobalIDString = 037D3B0C1E3D29C500ED8DDA;
			remoteInfo = Truthout;
		};
/* End PBXContainerItemProxy section */

/* Begin PBXFileReference section */
		030B01061E87A6CC00A027C3 /* Podfile */ = {isa = PBXFileReference; fileEncoding = 4; lastKnownFileType = text; path = Podfile; sourceTree = "<group>"; xcLanguageSpecificationIdentifier = xcode.lang.ruby; };
		032A0DDF1E8B732B0002C5C4 /* Alegreya-Regular.ttf */ = {isa = PBXFileReference; lastKnownFileType = file; path = "Alegreya-Regular.ttf"; sourceTree = "<group>"; };
		0331EA8D1E8B351C00E58AF9 /* ArticleCell.swift */ = {isa = PBXFileReference; fileEncoding = 4; lastKnownFileType = sourcecode.swift; path = ArticleCell.swift; sourceTree = "<group>"; };
		0331EA8F1E8B3C0800E58AF9 /* DefCell.swift */ = {isa = PBXFileReference; fileEncoding = 4; lastKnownFileType = sourcecode.swift; path = DefCell.swift; sourceTree = "<group>"; };
		0331EA911E8B657D00E58AF9 /* ArticleVC.swift */ = {isa = PBXFileReference; fileEncoding = 4; lastKnownFileType = sourcecode.swift; path = ArticleVC.swift; sourceTree = "<group>"; };
		037D3B0D1E3D29C500ED8DDA /* Truthout.app */ = {isa = PBXFileReference; explicitFileType = wrapper.application; includeInIndex = 0; path = Truthout.app; sourceTree = BUILT_PRODUCTS_DIR; };
		037D3B101E3D29C500ED8DDA /* AppDelegate.swift */ = {isa = PBXFileReference; lastKnownFileType = sourcecode.swift; path = AppDelegate.swift; sourceTree = "<group>"; };
		037D3B121E3D29C500ED8DDA /* FrontVC.swift */ = {isa = PBXFileReference; lastKnownFileType = sourcecode.swift; path = FrontVC.swift; sourceTree = "<group>"; };
		037D3B151E3D29C500ED8DDA /* Base */ = {isa = PBXFileReference; lastKnownFileType = file.storyboard; name = Base; path = Base.lproj/Main.storyboard; sourceTree = "<group>"; };
		037D3B171E3D29C500ED8DDA /* Assets.xcassets */ = {isa = PBXFileReference; lastKnownFileType = folder.assetcatalog; path = Assets.xcassets; sourceTree = "<group>"; };
		037D3B1A1E3D29C500ED8DDA /* Base */ = {isa = PBXFileReference; lastKnownFileType = file.storyboard; name = Base; path = Base.lproj/LaunchScreen.storyboard; sourceTree = "<group>"; };
		037D3B1C1E3D29C500ED8DDA /* Info.plist */ = {isa = PBXFileReference; lastKnownFileType = text.plist.xml; path = Info.plist; sourceTree = "<group>"; };
		037D3B211E3D29C500ED8DDA /* TruthoutTests.xctest */ = {isa = PBXFileReference; explicitFileType = wrapper.cfbundle; includeInIndex = 0; path = TruthoutTests.xctest; sourceTree = BUILT_PRODUCTS_DIR; };
		037D3B251E3D29C500ED8DDA /* TruthoutTests.swift */ = {isa = PBXFileReference; lastKnownFileType = sourcecode.swift; path = TruthoutTests.swift; sourceTree = "<group>"; };
		037D3B271E3D29C500ED8DDA /* Info.plist */ = {isa = PBXFileReference; lastKnownFileType = text.plist.xml; path = Info.plist; sourceTree = "<group>"; };
		037D3B2C1E3D29C500ED8DDA /* TruthoutUITests.xctest */ = {isa = PBXFileReference; explicitFileType = wrapper.cfbundle; includeInIndex = 0; path = TruthoutUITests.xctest; sourceTree = BUILT_PRODUCTS_DIR; };
		037D3B301E3D29C500ED8DDA /* TruthoutUITests.swift */ = {isa = PBXFileReference; lastKnownFileType = sourcecode.swift; path = TruthoutUITests.swift; sourceTree = "<group>"; };
		037D3B321E3D29C500ED8DDA /* Info.plist */ = {isa = PBXFileReference; lastKnownFileType = text.plist.xml; path = Info.plist; sourceTree = "<group>"; };
		037D3B3E1E3D2DFD00ED8DDA /* gradientImage.swift */ = {isa = PBXFileReference; fileEncoding = 4; lastKnownFileType = sourcecode.swift; path = gradientImage.swift; sourceTree = "<group>"; };
		038A08C71E8EE97500F157D2 /* Merriweather-Black.ttf */ = {isa = PBXFileReference; lastKnownFileType = file; path = "Merriweather-Black.ttf"; sourceTree = "<group>"; };
		038A08C81E8EE97500F157D2 /* Merriweather-Bold.ttf */ = {isa = PBXFileReference; lastKnownFileType = file; path = "Merriweather-Bold.ttf"; sourceTree = "<group>"; };
		038A08C91E8EE97500F157D2 /* Merriweather-BoldItalic.ttf */ = {isa = PBXFileReference; lastKnownFileType = file; path = "Merriweather-BoldItalic.ttf"; sourceTree = "<group>"; };
		038A08CA1E8EE97500F157D2 /* Merriweather-HeavyItalic.ttf */ = {isa = PBXFileReference; lastKnownFileType = file; path = "Merriweather-HeavyItalic.ttf"; sourceTree = "<group>"; };
		038A08CB1E8EE97500F157D2 /* Merriweather-Italic.ttf */ = {isa = PBXFileReference; lastKnownFileType = file; path = "Merriweather-Italic.ttf"; sourceTree = "<group>"; };
		038A08CC1E8EE97500F157D2 /* Merriweather-Light.ttf */ = {isa = PBXFileReference; lastKnownFileType = file; path = "Merriweather-Light.ttf"; sourceTree = "<group>"; };
		038A08CD1E8EE97500F157D2 /* Merriweather-LightItalic.ttf */ = {isa = PBXFileReference; lastKnownFileType = file; path = "Merriweather-LightItalic.ttf"; sourceTree = "<group>"; };
		038A08CE1E8EE97500F157D2 /* Merriweather-Regular.ttf */ = {isa = PBXFileReference; lastKnownFileType = file; path = "Merriweather-Regular.ttf"; sourceTree = "<group>"; };
		038A08D71E8EF7E400F157D2 /* Montserrat-Black.ttf */ = {isa = PBXFileReference; lastKnownFileType = file; path = "Montserrat-Black.ttf"; sourceTree = "<group>"; };
		038A08D81E8EF7E400F157D2 /* Montserrat-Bold.ttf */ = {isa = PBXFileReference; lastKnownFileType = file; path = "Montserrat-Bold.ttf"; sourceTree = "<group>"; };
		038A08D91E8EF7E400F157D2 /* Montserrat-Light.ttf */ = {isa = PBXFileReference; lastKnownFileType = file; path = "Montserrat-Light.ttf"; sourceTree = "<group>"; };
		038A08DA1E8EF7E400F157D2 /* Montserrat-Regular.ttf */ = {isa = PBXFileReference; lastKnownFileType = file; path = "Montserrat-Regular.ttf"; sourceTree = "<group>"; };
		038A08DB1E8EF7E400F157D2 /* Montserrat-Thin.ttf */ = {isa = PBXFileReference; lastKnownFileType = file; path = "Montserrat-Thin.ttf"; sourceTree = "<group>"; };
		03E031991E8AF82600439A19 /* README.md */ = {isa = PBXFileReference; fileEncoding = 4; lastKnownFileType = net.daringfireball.markdown; path = README.md; sourceTree = SOURCE_ROOT; };
		03E0319D1E8AF88F00439A19 /* Extensions.swift */ = {isa = PBXFileReference; fileEncoding = 4; lastKnownFileType = sourcecode.swift; path = Extensions.swift; sourceTree = "<group>"; };
		03E0319F1E8AFB2F00439A19 /* FeedController.swift */ = {isa = PBXFileReference; fileEncoding = 4; lastKnownFileType = sourcecode.swift; path = FeedController.swift; sourceTree = "<group>"; };
		03E031A51E8B0C6D00439A19 /* ListVC.swift */ = {isa = PBXFileReference; fileEncoding = 4; lastKnownFileType = sourcecode.swift; path = ListVC.swift; sourceTree = "<group>"; };
		03EB76B41E8A45C300ADC041 /* Article.swift */ = {isa = PBXFileReference; fileEncoding = 4; lastKnownFileType = sourcecode.swift; path = Article.swift; sourceTree = "<group>"; };
		475166890CFBC90EA171B5FB /* Pods_Truthout.framework */ = {isa = PBXFileReference; explicitFileType = wrapper.framework; includeInIndex = 0; path = Pods_Truthout.framework; sourceTree = BUILT_PRODUCTS_DIR; };
		9C8DECF48F2540254E5D4999 /* Pods-Truthout.debug.xcconfig */ = {isa = PBXFileReference; includeInIndex = 1; lastKnownFileType = text.xcconfig; name = "Pods-Truthout.debug.xcconfig"; path = "Pods/Target Support Files/Pods-Truthout/Pods-Truthout.debug.xcconfig"; sourceTree = "<group>"; };
		B92A91F25E94EE70427FED5E /* Pods-Truthout.release.xcconfig */ = {isa = PBXFileReference; includeInIndex = 1; lastKnownFileType = text.xcconfig; name = "Pods-Truthout.release.xcconfig"; path = "Pods/Target Support Files/Pods-Truthout/Pods-Truthout.release.xcconfig"; sourceTree = "<group>"; };
/* End PBXFileReference section */

/* Begin PBXFrameworksBuildPhase section */
		037D3B0A1E3D29C500ED8DDA /* Frameworks */ = {
			isa = PBXFrameworksBuildPhase;
			buildActionMask = 2147483647;
			files = (
				460EFE55230A7C6015EB20B2 /* Pods_Truthout.framework in Frameworks */,
			);
			runOnlyForDeploymentPostprocessing = 0;
		};
		037D3B1E1E3D29C500ED8DDA /* Frameworks */ = {
			isa = PBXFrameworksBuildPhase;
			buildActionMask = 2147483647;
			files = (
			);
			runOnlyForDeploymentPostprocessing = 0;
		};
		037D3B291E3D29C500ED8DDA /* Frameworks */ = {
			isa = PBXFrameworksBuildPhase;
			buildActionMask = 2147483647;
			files = (
			);
			runOnlyForDeploymentPostprocessing = 0;
		};
/* End PBXFrameworksBuildPhase section */

/* Begin PBXGroup section */
		037D3B041E3D29C500ED8DDA = {
			isa = PBXGroup;
			children = (
				03E031991E8AF82600439A19 /* README.md */,
				030B01061E87A6CC00A027C3 /* Podfile */,
				037D3B0F1E3D29C500ED8DDA /* Truthout */,
				037D3B241E3D29C500ED8DDA /* TruthoutTests */,
				037D3B2F1E3D29C500ED8DDA /* TruthoutUITests */,
				037D3B0E1E3D29C500ED8DDA /* Products */,
				D0796048BFF2279EBB0071F8 /* Pods */,
				2075F298B3A8D6D859A2D4E6 /* Frameworks */,
			);
			sourceTree = "<group>";
		};
		037D3B0E1E3D29C500ED8DDA /* Products */ = {
			isa = PBXGroup;
			children = (
				037D3B0D1E3D29C500ED8DDA /* Truthout.app */,
				037D3B211E3D29C500ED8DDA /* TruthoutTests.xctest */,
				037D3B2C1E3D29C500ED8DDA /* TruthoutUITests.xctest */,
			);
			name = Products;
			sourceTree = "<group>";
		};
		037D3B0F1E3D29C500ED8DDA /* Truthout */ = {
			isa = PBXGroup;
			children = (
				038A08C61E8EE94900F157D2 /* Resources */,
				03E0319C1E8AF88000439A19 /* Extensions */,
				03E0319B1E8AF86300439A19 /* Views */,
				03EB76B61E8A4DFF00ADC041 /* Controllers */,
				03EB76B31E8A45B200ADC041 /* Models */,
				037D3B101E3D29C500ED8DDA /* AppDelegate.swift */,
				037D3B141E3D29C500ED8DDA /* Main.storyboard */,
				037D3B171E3D29C500ED8DDA /* Assets.xcassets */,
				037D3B191E3D29C500ED8DDA /* LaunchScreen.storyboard */,
				037D3B1C1E3D29C500ED8DDA /* Info.plist */,
			);
			path = Truthout;
			sourceTree = "<group>";
		};
		037D3B241E3D29C500ED8DDA /* TruthoutTests */ = {
			isa = PBXGroup;
			children = (
				037D3B251E3D29C500ED8DDA /* TruthoutTests.swift */,
				037D3B271E3D29C500ED8DDA /* Info.plist */,
			);
			path = TruthoutTests;
			sourceTree = "<group>";
		};
		037D3B2F1E3D29C500ED8DDA /* TruthoutUITests */ = {
			isa = PBXGroup;
			children = (
				037D3B301E3D29C500ED8DDA /* TruthoutUITests.swift */,
				037D3B321E3D29C500ED8DDA /* Info.plist */,
			);
			path = TruthoutUITests;
			sourceTree = "<group>";
		};
		038A08C61E8EE94900F157D2 /* Resources */ = {
			isa = PBXGroup;
			children = (
				038A08D71E8EF7E400F157D2 /* Montserrat-Black.ttf */,
				038A08D81E8EF7E400F157D2 /* Montserrat-Bold.ttf */,
				038A08D91E8EF7E400F157D2 /* Montserrat-Light.ttf */,
				038A08DA1E8EF7E400F157D2 /* Montserrat-Regular.ttf */,
				038A08DB1E8EF7E400F157D2 /* Montserrat-Thin.ttf */,
				038A08C71E8EE97500F157D2 /* Merriweather-Black.ttf */,
				038A08C81E8EE97500F157D2 /* Merriweather-Bold.ttf */,
				038A08C91E8EE97500F157D2 /* Merriweather-BoldItalic.ttf */,
				038A08CA1E8EE97500F157D2 /* Merriweather-HeavyItalic.ttf */,
				038A08CB1E8EE97500F157D2 /* Merriweather-Italic.ttf */,
				038A08CC1E8EE97500F157D2 /* Merriweather-Light.ttf */,
				038A08CD1E8EE97500F157D2 /* Merriweather-LightItalic.ttf */,
				038A08CE1E8EE97500F157D2 /* Merriweather-Regular.ttf */,
				032A0DDF1E8B732B0002C5C4 /* Alegreya-Regular.ttf */,
			);
			name = Resources;
			sourceTree = "<group>";
		};
		03E0319B1E8AF86300439A19 /* Views */ = {
			isa = PBXGroup;
			children = (
				037D3B3E1E3D2DFD00ED8DDA /* gradientImage.swift */,
				0331EA8F1E8B3C0800E58AF9 /* DefCell.swift */,
			);
			name = Views;
			sourceTree = "<group>";
		};
		03E0319C1E8AF88000439A19 /* Extensions */ = {
			isa = PBXGroup;
			children = (
				03E0319D1E8AF88F00439A19 /* Extensions.swift */,
			);
			name = Extensions;
			sourceTree = "<group>";
		};
		03EB76B31E8A45B200ADC041 /* Models */ = {
			isa = PBXGroup;
			children = (
				03EB76B41E8A45C300ADC041 /* Article.swift */,
				0331EA8D1E8B351C00E58AF9 /* ArticleCell.swift */,
			);
			name = Models;
			sourceTree = "<group>";
		};
		03EB76B61E8A4DFF00ADC041 /* Controllers */ = {
			isa = PBXGroup;
			children = (
				03E0319F1E8AFB2F00439A19 /* FeedController.swift */,
				037D3B121E3D29C500ED8DDA /* FrontVC.swift */,
				03E031A51E8B0C6D00439A19 /* ListVC.swift */,
				0331EA911E8B657D00E58AF9 /* ArticleVC.swift */,
			);
			name = Controllers;
			sourceTree = "<group>";
		};
		2075F298B3A8D6D859A2D4E6 /* Frameworks */ = {
			isa = PBXGroup;
			children = (
				475166890CFBC90EA171B5FB /* Pods_Truthout.framework */,
			);
			name = Frameworks;
			sourceTree = "<group>";
		};
		D0796048BFF2279EBB0071F8 /* Pods */ = {
			isa = PBXGroup;
			children = (
				9C8DECF48F2540254E5D4999 /* Pods-Truthout.debug.xcconfig */,
				B92A91F25E94EE70427FED5E /* Pods-Truthout.release.xcconfig */,
			);
			name = Pods;
			sourceTree = "<group>";
		};
/* End PBXGroup section */

/* Begin PBXNativeTarget section */
		037D3B0C1E3D29C500ED8DDA /* Truthout */ = {
			isa = PBXNativeTarget;
			buildConfigurationList = 037D3B351E3D29C500ED8DDA /* Build configuration list for PBXNativeTarget "Truthout" */;
			buildPhases = (
				B53266856641E80785771E75 /* [CP] Check Pods Manifest.lock */,
				037D3B091E3D29C500ED8DDA /* Sources */,
				037D3B0A1E3D29C500ED8DDA /* Frameworks */,
				037D3B0B1E3D29C500ED8DDA /* Resources */,
				439B6C54EBC3BDCE40800439 /* [CP] Embed Pods Frameworks */,
				B0A60C5A4041F00EB929417C /* [CP] Copy Pods Resources */,
			);
			buildRules = (
			);
			dependencies = (
			);
			name = Truthout;
			productName = Truthout;
			productReference = 037D3B0D1E3D29C500ED8DDA /* Truthout.app */;
			productType = "com.apple.product-type.application";
		};
		037D3B201E3D29C500ED8DDA /* TruthoutTests */ = {
			isa = PBXNativeTarget;
			buildConfigurationList = 037D3B381E3D29C500ED8DDA /* Build configuration list for PBXNativeTarget "TruthoutTests" */;
			buildPhases = (
				037D3B1D1E3D29C500ED8DDA /* Sources */,
				037D3B1E1E3D29C500ED8DDA /* Frameworks */,
				037D3B1F1E3D29C500ED8DDA /* Resources */,
			);
			buildRules = (
			);
			dependencies = (
				037D3B231E3D29C500ED8DDA /* PBXTargetDependency */,
			);
			name = TruthoutTests;
			productName = TruthoutTests;
			productReference = 037D3B211E3D29C500ED8DDA /* TruthoutTests.xctest */;
			productType = "com.apple.product-type.bundle.unit-test";
		};
		037D3B2B1E3D29C500ED8DDA /* TruthoutUITests */ = {
			isa = PBXNativeTarget;
			buildConfigurationList = 037D3B3B1E3D29C500ED8DDA /* Build configuration list for PBXNativeTarget "TruthoutUITests" */;
			buildPhases = (
				037D3B281E3D29C500ED8DDA /* Sources */,
				037D3B291E3D29C500ED8DDA /* Frameworks */,
				037D3B2A1E3D29C500ED8DDA /* Resources */,
			);
			buildRules = (
			);
			dependencies = (
				037D3B2E1E3D29C500ED8DDA /* PBXTargetDependency */,
			);
			name = TruthoutUITests;
			productName = TruthoutUITests;
			productReference = 037D3B2C1E3D29C500ED8DDA /* TruthoutUITests.xctest */;
			productType = "com.apple.product-type.bundle.ui-testing";
		};
/* End PBXNativeTarget section */

/* Begin PBXProject section */
		037D3B051E3D29C500ED8DDA /* Project object */ = {
			isa = PBXProject;
			attributes = {
				LastSwiftUpdateCheck = 0800;
				LastUpgradeCheck = 0820;
				ORGANIZATIONNAME = "Nico Ledwith";
				TargetAttributes = {
					037D3B0C1E3D29C500ED8DDA = {
						CreatedOnToolsVersion = 8.0;
						DevelopmentTeam = 43TWAZU6H7;
						ProvisioningStyle = Automatic;
					};
					037D3B201E3D29C500ED8DDA = {
						CreatedOnToolsVersion = 8.0;
						ProvisioningStyle = Automatic;
						TestTargetID = 037D3B0C1E3D29C500ED8DDA;
					};
					037D3B2B1E3D29C500ED8DDA = {
						CreatedOnToolsVersion = 8.0;
						ProvisioningStyle = Automatic;
						TestTargetID = 037D3B0C1E3D29C500ED8DDA;
					};
				};
			};
			buildConfigurationList = 037D3B081E3D29C500ED8DDA /* Build configuration list for PBXProject "Truthout" */;
			compatibilityVersion = "Xcode 3.2";
			developmentRegion = English;
			hasScannedForEncodings = 0;
			knownRegions = (
				en,
				Base,
			);
			mainGroup = 037D3B041E3D29C500ED8DDA;
			productRefGroup = 037D3B0E1E3D29C500ED8DDA /* Products */;
			projectDirPath = "";
			projectRoot = "";
			targets = (
				037D3B0C1E3D29C500ED8DDA /* Truthout */,
				037D3B201E3D29C500ED8DDA /* TruthoutTests */,
				037D3B2B1E3D29C500ED8DDA /* TruthoutUITests */,
			);
		};
/* End PBXProject section */

/* Begin PBXResourcesBuildPhase section */
		037D3B0B1E3D29C500ED8DDA /* Resources */ = {
			isa = PBXResourcesBuildPhase;
			buildActionMask = 2147483647;
			files = (
				038A08D21E8EE97500F157D2 /* Merriweather-HeavyItalic.ttf in Resources */,
				038A08DC1E8EF7E400F157D2 /* Montserrat-Black.ttf in Resources */,
				038A08DF1E8EF7E400F157D2 /* Montserrat-Regular.ttf in Resources */,
				038A08D01E8EE97500F157D2 /* Merriweather-Bold.ttf in Resources */,
				038A08D51E8EE97500F157D2 /* Merriweather-LightItalic.ttf in Resources */,
				038A08DE1E8EF7E400F157D2 /* Montserrat-Light.ttf in Resources */,
				037D3B1B1E3D29C500ED8DDA /* LaunchScreen.storyboard in Resources */,
				038A08DD1E8EF7E400F157D2 /* Montserrat-Bold.ttf in Resources */,
				038A08D31E8EE97500F157D2 /* Merriweather-Italic.ttf in Resources */,
				038A08D11E8EE97500F157D2 /* Merriweather-BoldItalic.ttf in Resources */,
				038A08E01E8EF7E400F157D2 /* Montserrat-Thin.ttf in Resources */,
				037D3B181E3D29C500ED8DDA /* Assets.xcassets in Resources */,
				030B01071E87A6CC00A027C3 /* Podfile in Resources */,
				038A08D61E8EE97500F157D2 /* Merriweather-Regular.ttf in Resources */,
				032A0DE01E8B732B0002C5C4 /* Alegreya-Regular.ttf in Resources */,
				032A0DDE1E8B70330002C5C4 /* Main.storyboard in Resources */,
				038A08CF1E8EE97500F157D2 /* Merriweather-Black.ttf in Resources */,
				038A08D41E8EE97500F157D2 /* Merriweather-Light.ttf in Resources */,
			);
			runOnlyForDeploymentPostprocessing = 0;
		};
		037D3B1F1E3D29C500ED8DDA /* Resources */ = {
			isa = PBXResourcesBuildPhase;
			buildActionMask = 2147483647;
			files = (
			);
			runOnlyForDeploymentPostprocessing = 0;
		};
		037D3B2A1E3D29C500ED8DDA /* Resources */ = {
			isa = PBXResourcesBuildPhase;
			buildActionMask = 2147483647;
			files = (
			);
			runOnlyForDeploymentPostprocessing = 0;
		};
/* End PBXResourcesBuildPhase section */

/* Begin PBXShellScriptBuildPhase section */
		439B6C54EBC3BDCE40800439 /* [CP] Embed Pods Frameworks */ = {
			isa = PBXShellScriptBuildPhase;
			buildActionMask = 2147483647;
			files = (
			);
			inputPaths = (
			);
			name = "[CP] Embed Pods Frameworks";
			outputPaths = (
			);
			runOnlyForDeploymentPostprocessing = 0;
			shellPath = /bin/sh;
			shellScript = "\"${SRCROOT}/Pods/Target Support Files/Pods-Truthout/Pods-Truthout-frameworks.sh\"\n";
			showEnvVarsInLog = 0;
		};
		B0A60C5A4041F00EB929417C /* [CP] Copy Pods Resources */ = {
			isa = PBXShellScriptBuildPhase;
			buildActionMask = 2147483647;
			files = (
			);
			inputPaths = (
			);
			name = "[CP] Copy Pods Resources";
			outputPaths = (
			);
			runOnlyForDeploymentPostprocessing = 0;
			shellPath = /bin/sh;
			shellScript = "\"${SRCROOT}/Pods/Target Support Files/Pods-Truthout/Pods-Truthout-resources.sh\"\n";
			showEnvVarsInLog = 0;
		};
		B53266856641E80785771E75 /* [CP] Check Pods Manifest.lock */ = {
			isa = PBXShellScriptBuildPhase;
			buildActionMask = 2147483647;
			files = (
			);
			inputPaths = (
			);
			name = "[CP] Check Pods Manifest.lock";
			outputPaths = (
			);
			runOnlyForDeploymentPostprocessing = 0;
			shellPath = /bin/sh;
			shellScript = "diff \"${PODS_ROOT}/../Podfile.lock\" \"${PODS_ROOT}/Manifest.lock\" > /dev/null\nif [ $? != 0 ] ; then\n    # print error to STDERR\n    echo \"error: The sandbox is not in sync with the Podfile.lock. Run 'pod install' or update your CocoaPods installation.\" >&2\n    exit 1\nfi\n";
			showEnvVarsInLog = 0;
		};
/* End PBXShellScriptBuildPhase section */

/* Begin PBXSourcesBuildPhase section */
		037D3B091E3D29C500ED8DDA /* Sources */ = {
			isa = PBXSourcesBuildPhase;
			buildActionMask = 2147483647;
			files = (
				03EB76B51E8A45C300ADC041 /* Article.swift in Sources */,
				0331EA901E8B3C0800E58AF9 /* DefCell.swift in Sources */,
				03E0319E1E8AF88F00439A19 /* Extensions.swift in Sources */,
				0331EA921E8B657D00E58AF9 /* ArticleVC.swift in Sources */,
				037D3B131E3D29C500ED8DDA /* FrontVC.swift in Sources */,
				03E0319A1E8AF82600439A19 /* README.md in Sources */,
				03E031A61E8B0C6D00439A19 /* ListVC.swift in Sources */,
				0331EA8E1E8B351C00E58AF9 /* ArticleCell.swift in Sources */,
				037D3B111E3D29C500ED8DDA /* AppDelegate.swift in Sources */,
				037D3B3F1E3D2DFD00ED8DDA /* gradientImage.swift in Sources */,
				03E031A01E8AFB2F00439A19 /* FeedController.swift in Sources */,
			);
			runOnlyForDeploymentPostprocessing = 0;
		};
		037D3B1D1E3D29C500ED8DDA /* Sources */ = {
			isa = PBXSourcesBuildPhase;
			buildActionMask = 2147483647;
			files = (
				037D3B261E3D29C500ED8DDA /* TruthoutTests.swift in Sources */,
			);
			runOnlyForDeploymentPostprocessing = 0;
		};
		037D3B281E3D29C500ED8DDA /* Sources */ = {
			isa = PBXSourcesBuildPhase;
			buildActionMask = 2147483647;
			files = (
				037D3B311E3D29C500ED8DDA /* TruthoutUITests.swift in Sources */,
			);
			runOnlyForDeploymentPostprocessing = 0;
		};
/* End PBXSourcesBuildPhase section */

/* Begin PBXTargetDependency section */
		037D3B231E3D29C500ED8DDA /* PBXTargetDependency */ = {
			isa = PBXTargetDependency;
			target = 037D3B0C1E3D29C500ED8DDA /* Truthout */;
			targetProxy = 037D3B221E3D29C500ED8DDA /* PBXContainerItemProxy */;
		};
		037D3B2E1E3D29C500ED8DDA /* PBXTargetDependency */ = {
			isa = PBXTargetDependency;
			target = 037D3B0C1E3D29C500ED8DDA /* Truthout */;
			targetProxy = 037D3B2D1E3D29C500ED8DDA /* PBXContainerItemProxy */;
		};
/* End PBXTargetDependency section */

/* Begin PBXVariantGroup section */
		037D3B141E3D29C500ED8DDA /* Main.storyboard */ = {
			isa = PBXVariantGroup;
			children = (
				037D3B151E3D29C500ED8DDA /* Base */,
			);
			name = Main.storyboard;
			sourceTree = "<group>";
		};
		037D3B191E3D29C500ED8DDA /* LaunchScreen.storyboard */ = {
			isa = PBXVariantGroup;
			children = (
				037D3B1A1E3D29C500ED8DDA /* Base */,
			);
			name = LaunchScreen.storyboard;
			sourceTree = "<group>";
		};
/* End PBXVariantGroup section */

/* Begin XCBuildConfiguration section */
		037D3B331E3D29C500ED8DDA /* Debug */ = {
			isa = XCBuildConfiguration;
			buildSettings = {
				ALWAYS_SEARCH_USER_PATHS = NO;
				CLANG_ANALYZER_NONNULL = YES;
				CLANG_CXX_LANGUAGE_STANDARD = "gnu++0x";
				CLANG_CXX_LIBRARY = "libc++";
				CLANG_ENABLE_MODULES = YES;
				CLANG_ENABLE_OBJC_ARC = YES;
				CLANG_WARN_BOOL_CONVERSION = YES;
				CLANG_WARN_CONSTANT_CONVERSION = YES;
				CLANG_WARN_DIRECT_OBJC_ISA_USAGE = YES_ERROR;
				CLANG_WARN_DOCUMENTATION_COMMENTS = YES;
				CLANG_WARN_EMPTY_BODY = YES;
				CLANG_WARN_ENUM_CONVERSION = YES;
				CLANG_WARN_INFINITE_RECURSION = YES;
				CLANG_WARN_INT_CONVERSION = YES;
				CLANG_WARN_OBJC_ROOT_CLASS = YES_ERROR;
				CLANG_WARN_SUSPICIOUS_MOVE = YES;
				CLANG_WARN_SUSPICIOUS_MOVES = YES;
				CLANG_WARN_UNREACHABLE_CODE = YES;
				CLANG_WARN__DUPLICATE_METHOD_MATCH = YES;
				"CODE_SIGN_IDENTITY[sdk=iphoneos*]" = "iPhone Developer";
				COPY_PHASE_STRIP = NO;
				DEBUG_INFORMATION_FORMAT = dwarf;
				ENABLE_STRICT_OBJC_MSGSEND = YES;
				ENABLE_TESTABILITY = YES;
				GCC_C_LANGUAGE_STANDARD = gnu99;
				GCC_DYNAMIC_NO_PIC = NO;
				GCC_NO_COMMON_BLOCKS = YES;
				GCC_OPTIMIZATION_LEVEL = 0;
				GCC_PREPROCESSOR_DEFINITIONS = (
					"DEBUG=1",
					"$(inherited)",
				);
				GCC_WARN_64_TO_32_BIT_CONVERSION = YES;
				GCC_WARN_ABOUT_RETURN_TYPE = YES_ERROR;
				GCC_WARN_UNDECLARED_SELECTOR = YES;
				GCC_WARN_UNINITIALIZED_AUTOS = YES_AGGRESSIVE;
				GCC_WARN_UNUSED_FUNCTION = YES;
				GCC_WARN_UNUSED_VARIABLE = YES;
				IPHONEOS_DEPLOYMENT_TARGET = 10.0;
				MTL_ENABLE_DEBUG_INFO = YES;
				ONLY_ACTIVE_ARCH = YES;
				SDKROOT = iphoneos;
				SWIFT_ACTIVE_COMPILATION_CONDITIONS = DEBUG;
				SWIFT_OPTIMIZATION_LEVEL = "-Onone";
				TARGETED_DEVICE_FAMILY = "1,2";
			};
			name = Debug;
		};
		037D3B341E3D29C500ED8DDA /* Release */ = {
			isa = XCBuildConfiguration;
			buildSettings = {
				ALWAYS_SEARCH_USER_PATHS = NO;
				CLANG_ANALYZER_NONNULL = YES;
				CLANG_CXX_LANGUAGE_STANDARD = "gnu++0x";
				CLANG_CXX_LIBRARY = "libc++";
				CLANG_ENABLE_MODULES = YES;
				CLANG_ENABLE_OBJC_ARC = YES;
				CLANG_WARN_BOOL_CONVERSION = YES;
				CLANG_WARN_CONSTANT_CONVERSION = YES;
				CLANG_WARN_DIRECT_OBJC_ISA_USAGE = YES_ERROR;
				CLANG_WARN_DOCUMENTATION_COMMENTS = YES;
				CLANG_WARN_EMPTY_BODY = YES;
				CLANG_WARN_ENUM_CONVERSION = YES;
				CLANG_WARN_INFINITE_RECURSION = YES;
				CLANG_WARN_INT_CONVERSION = YES;
				CLANG_WARN_OBJC_ROOT_CLASS = YES_ERROR;
				CLANG_WARN_SUSPICIOUS_MOVE = YES;
				CLANG_WARN_SUSPICIOUS_MOVES = YES;
				CLANG_WARN_UNREACHABLE_CODE = YES;
				CLANG_WARN__DUPLICATE_METHOD_MATCH = YES;
				"CODE_SIGN_IDENTITY[sdk=iphoneos*]" = "iPhone Developer";
				COPY_PHASE_STRIP = NO;
				DEBUG_INFORMATION_FORMAT = "dwarf-with-dsym";
				ENABLE_NS_ASSERTIONS = NO;
				ENABLE_STRICT_OBJC_MSGSEND = YES;
				GCC_C_LANGUAGE_STANDARD = gnu99;
				GCC_NO_COMMON_BLOCKS = YES;
				GCC_WARN_64_TO_32_BIT_CONVERSION = YES;
				GCC_WARN_ABOUT_RETURN_TYPE = YES_ERROR;
				GCC_WARN_UNDECLARED_SELECTOR = YES;
				GCC_WARN_UNINITIALIZED_AUTOS = YES_AGGRESSIVE;
				GCC_WARN_UNUSED_FUNCTION = YES;
				GCC_WARN_UNUSED_VARIABLE = YES;
				IPHONEOS_DEPLOYMENT_TARGET = 10.0;
				MTL_ENABLE_DEBUG_INFO = NO;
				SDKROOT = iphoneos;
				SWIFT_OPTIMIZATION_LEVEL = "-Owholemodule";
				TARGETED_DEVICE_FAMILY = "1,2";
				VALIDATE_PRODUCT = YES;
			};
			name = Release;
		};
		037D3B361E3D29C500ED8DDA /* Debug */ = {
			isa = XCBuildConfiguration;
			baseConfigurationReference = 9C8DECF48F2540254E5D4999 /* Pods-Truthout.debug.xcconfig */;
			buildSettings = {
				ASSETCATALOG_COMPILER_APPICON_NAME = "AppIcon-1";
				ASSETCATALOG_COMPILER_LAUNCHIMAGE_NAME = LaunchImage;
				DEVELOPMENT_TEAM = 43TWAZU6H7;
				INFOPLIST_FILE = Truthout/Info.plist;
				LD_RUNPATH_SEARCH_PATHS = "$(inherited) @executable_path/Frameworks";
				PRODUCT_BUNDLE_IDENTIFIER = com.nico.Truthout;
				PRODUCT_NAME = "$(TARGET_NAME)";
				SWIFT_VERSION = 3.0;
			};
			name = Debug;
		};
		037D3B371E3D29C500ED8DDA /* Release */ = {
			isa = XCBuildConfiguration;
			baseConfigurationReference = B92A91F25E94EE70427FED5E /* Pods-Truthout.release.xcconfig */;
			buildSettings = {
				ASSETCATALOG_COMPILER_APPICON_NAME = "AppIcon-1";
				ASSETCATALOG_COMPILER_LAUNCHIMAGE_NAME = LaunchImage;
				DEVELOPMENT_TEAM = 43TWAZU6H7;
				INFOPLIST_FILE = Truthout/Info.plist;
				LD_RUNPATH_SEARCH_PATHS = "$(inherited) @executable_path/Frameworks";
				PRODUCT_BUNDLE_IDENTIFIER = com.nico.Truthout;
				PRODUCT_NAME = "$(TARGET_NAME)";
				SWIFT_VERSION = 3.0;
			};
			name = Release;
		};
		037D3B391E3D29C500ED8DDA /* Debug */ = {
			isa = XCBuildConfiguration;
			buildSettings = {
				ALWAYS_EMBED_SWIFT_STANDARD_LIBRARIES = YES;
				BUNDLE_LOADER = "$(TEST_HOST)";
				INFOPLIST_FILE = TruthoutTests/Info.plist;
				LD_RUNPATH_SEARCH_PATHS = "$(inherited) @executable_path/Frameworks @loader_path/Frameworks";
				PRODUCT_BUNDLE_IDENTIFIER = com.nico.TruthoutTests;
				PRODUCT_NAME = "$(TARGET_NAME)";
				SWIFT_VERSION = 3.0;
				TEST_HOST = "$(BUILT_PRODUCTS_DIR)/Truthout.app/Truthout";
			};
			name = Debug;
		};
		037D3B3A1E3D29C500ED8DDA /* Release */ = {
			isa = XCBuildConfiguration;
			buildSettings = {
				ALWAYS_EMBED_SWIFT_STANDARD_LIBRARIES = YES;
				BUNDLE_LOADER = "$(TEST_HOST)";
				INFOPLIST_FILE = TruthoutTests/Info.plist;
				LD_RUNPATH_SEARCH_PATHS = "$(inherited) @executable_path/Frameworks @loader_path/Frameworks";
				PRODUCT_BUNDLE_IDENTIFIER = com.nico.TruthoutTests;
				PRODUCT_NAME = "$(TARGET_NAME)";
				SWIFT_VERSION = 3.0;
				TEST_HOST = "$(BUILT_PRODUCTS_DIR)/Truthout.app/Truthout";
			};
			name = Release;
		};
		037D3B3C1E3D29C500ED8DDA /* Debug */ = {
			isa = XCBuildConfiguration;
			buildSettings = {
				ALWAYS_EMBED_SWIFT_STANDARD_LIBRARIES = YES;
				INFOPLIST_FILE = TruthoutUITests/Info.plist;
				LD_RUNPATH_SEARCH_PATHS = "$(inherited) @executable_path/Frameworks @loader_path/Frameworks";
				PRODUCT_BUNDLE_IDENTIFIER = com.nico.TruthoutUITests;
				PRODUCT_NAME = "$(TARGET_NAME)";
				SWIFT_VERSION = 3.0;
				TEST_TARGET_NAME = Truthout;
			};
			name = Debug;
		};
		037D3B3D1E3D29C500ED8DDA /* Release */ = {
			isa = XCBuildConfiguration;
			buildSettings = {
				ALWAYS_EMBED_SWIFT_STANDARD_LIBRARIES = YES;
				INFOPLIST_FILE = TruthoutUITests/Info.plist;
				LD_RUNPATH_SEARCH_PATHS = "$(inherited) @executable_path/Frameworks @loader_path/Frameworks";
				PRODUCT_BUNDLE_IDENTIFIER = com.nico.TruthoutUITests;
				PRODUCT_NAME = "$(TARGET_NAME)";
				SWIFT_VERSION = 3.0;
				TEST_TARGET_NAME = Truthout;
			};
			name = Release;
		};
/* End XCBuildConfiguration section */

/* Begin XCConfigurationList section */
		037D3B081E3D29C500ED8DDA /* Build configuration list for PBXProject "Truthout" */ = {
			isa = XCConfigurationList;
			buildConfigurations = (
				037D3B331E3D29C500ED8DDA /* Debug */,
				037D3B341E3D29C500ED8DDA /* Release */,
			);
			defaultConfigurationIsVisible = 0;
			defaultConfigurationName = Release;
		};
		037D3B351E3D29C500ED8DDA /* Build configuration list for PBXNativeTarget "Truthout" */ = {
			isa = XCConfigurationList;
			buildConfigurations = (
				037D3B361E3D29C500ED8DDA /* Debug */,
				037D3B371E3D29C500ED8DDA /* Release */,
			);
			defaultConfigurationIsVisible = 0;
			defaultConfigurationName = Release;
		};
		037D3B381E3D29C500ED8DDA /* Build configuration list for PBXNativeTarget "TruthoutTests" */ = {
			isa = XCConfigurationList;
			buildConfigurations = (
				037D3B391E3D29C500ED8DDA /* Debug */,
				037D3B3A1E3D29C500ED8DDA /* Release */,
			);
			defaultConfigurationIsVisible = 0;
			defaultConfigurationName = Release;
		};
		037D3B3B1E3D29C500ED8DDA /* Build configuration list for PBXNativeTarget "TruthoutUITests" */ = {
			isa = XCConfigurationList;
			buildConfigurations = (
				037D3B3C1E3D29C500ED8DDA /* Debug */,
				037D3B3D1E3D29C500ED8DDA /* Release */,
			);
			defaultConfigurationIsVisible = 0;
			defaultConfigurationName = Release;
		};
/* End XCConfigurationList section */
	};
	rootObject = 037D3B051E3D29C500ED8DDA /* Project object */;
}
